// !$*UTF8*$!
{
	archiveVersion = 1;
	classes = {
	};
	objectVersion = 51;
	objects = {

/* Begin PBXBuildFile section */
		3783AE7CFA9F895232DF5F86 /* Pods_KristalHome.framework in Frameworks */ = {isa = PBXBuildFile; fileRef = 109C5BC86717F6B9A73A8E08 /* Pods_KristalHome.framework */; };
		48141F7423750BC7005893ED /* AppDelegate.swift in Sources */ = {isa = PBXBuildFile; fileRef = 48141F7323750BC7005893ED /* AppDelegate.swift */; };
		48141F7623750BC7005893ED /* SceneDelegate.swift in Sources */ = {isa = PBXBuildFile; fileRef = 48141F7523750BC7005893ED /* SceneDelegate.swift */; };
		48141F7823750BC7005893ED /* ViewController.swift in Sources */ = {isa = PBXBuildFile; fileRef = 48141F7723750BC7005893ED /* ViewController.swift */; };
		48141F7D23750BC9005893ED /* Assets.xcassets in Resources */ = {isa = PBXBuildFile; fileRef = 48141F7C23750BC9005893ED /* Assets.xcassets */; };
		48141F8023750BC9005893ED /* LaunchScreen.storyboard in Resources */ = {isa = PBXBuildFile; fileRef = 48141F7E23750BC9005893ED /* LaunchScreen.storyboard */; };
		482E24B923750C7600D3897F /* Home.storyboard in Resources */ = {isa = PBXBuildFile; fileRef = 482E24B823750C7600D3897F /* Home.storyboard */; };
		48E71E782375207300CF42C3 /* TableViewController.swift in Sources */ = {isa = PBXBuildFile; fileRef = 48E71E772375207300CF42C3 /* TableViewController.swift */; };
		48E71E7D23752DAF00CF42C3 /* NetworkHandler.swift in Sources */ = {isa = PBXBuildFile; fileRef = 48E71E7C23752DAF00CF42C3 /* NetworkHandler.swift */; };
		48E71E802375368E00CF42C3 /* Country.swift in Sources */ = {isa = PBXBuildFile; fileRef = 48E71E7F2375368E00CF42C3 /* Country.swift */; };
/* End PBXBuildFile section */

/* Begin PBXFileReference section */
		109C5BC86717F6B9A73A8E08 /* Pods_KristalHome.framework */ = {isa = PBXFileReference; explicitFileType = wrapper.framework; includeInIndex = 0; path = Pods_KristalHome.framework; sourceTree = BUILT_PRODUCTS_DIR; };
		48141F7023750BC7005893ED /* KristalHome.app */ = {isa = PBXFileReference; explicitFileType = wrapper.application; includeInIndex = 0; path = KristalHome.app; sourceTree = BUILT_PRODUCTS_DIR; };
		48141F7323750BC7005893ED /* AppDelegate.swift */ = {isa = PBXFileReference; lastKnownFileType = sourcecode.swift; path = AppDelegate.swift; sourceTree = "<group>"; };
		48141F7523750BC7005893ED /* SceneDelegate.swift */ = {isa = PBXFileReference; lastKnownFileType = sourcecode.swift; path = SceneDelegate.swift; sourceTree = "<group>"; };
		48141F7723750BC7005893ED /* ViewController.swift */ = {isa = PBXFileReference; lastKnownFileType = sourcecode.swift; path = ViewController.swift; sourceTree = "<group>"; };
		48141F7C23750BC9005893ED /* Assets.xcassets */ = {isa = PBXFileReference; lastKnownFileType = folder.assetcatalog; path = Assets.xcassets; sourceTree = "<group>"; };
		48141F7F23750BC9005893ED /* Base */ = {isa = PBXFileReference; lastKnownFileType = file.storyboard; name = Base; path = Base.lproj/LaunchScreen.storyboard; sourceTree = "<group>"; };
		48141F8123750BC9005893ED /* Info.plist */ = {isa = PBXFileReference; lastKnownFileType = text.plist.xml; path = Info.plist; sourceTree = "<group>"; };
		482E24B823750C7600D3897F /* Home.storyboard */ = {isa = PBXFileReference; lastKnownFileType = file.storyboard; path = Home.storyboard; sourceTree = "<group>"; };
		48E71E772375207300CF42C3 /* TableViewController.swift */ = {isa = PBXFileReference; lastKnownFileType = sourcecode.swift; path = TableViewController.swift; sourceTree = "<group>"; };
		48E71E7C23752DAF00CF42C3 /* NetworkHandler.swift */ = {isa = PBXFileReference; lastKnownFileType = sourcecode.swift; path = NetworkHandler.swift; sourceTree = "<group>"; };
		48E71E7F2375368E00CF42C3 /* Country.swift */ = {isa = PBXFileReference; lastKnownFileType = sourcecode.swift; path = Country.swift; sourceTree = "<group>"; };
		5D6274A4A5EC8B8F74A1164D /* Pods-KristalHome.release.xcconfig */ = {isa = PBXFileReference; includeInIndex = 1; lastKnownFileType = text.xcconfig; name = "Pods-KristalHome.release.xcconfig"; path = "Target Support Files/Pods-KristalHome/Pods-KristalHome.release.xcconfig"; sourceTree = "<group>"; };
		CD804C1ED5108363E1E16D9C /* Pods-KristalHome.debug.xcconfig */ = {isa = PBXFileReference; includeInIndex = 1; lastKnownFileType = text.xcconfig; name = "Pods-KristalHome.debug.xcconfig"; path = "Target Support Files/Pods-KristalHome/Pods-KristalHome.debug.xcconfig"; sourceTree = "<group>"; };
/* End PBXFileReference section */

/* Begin PBXFrameworksBuildPhase section */
		48141F6D23750BC7005893ED /* Frameworks */ = {
			isa = PBXFrameworksBuildPhase;
			buildActionMask = 2147483647;
			files = (
				3783AE7CFA9F895232DF5F86 /* Pods_KristalHome.framework in Frameworks */,
			);
			runOnlyForDeploymentPostprocessing = 0;
		};
/* End PBXFrameworksBuildPhase section */

/* Begin PBXGroup section */
		48141F6723750BC7005893ED = {
			isa = PBXGroup;
			children = (
				48141F7223750BC7005893ED /* KristalHome */,
				48141F7123750BC7005893ED /* Products */,
				482E24C023750D7B00D3897F /* Frameworks */,
				4AD19B6134E832D8F964B9E6 /* Pods */,
			);
			sourceTree = "<group>";
		};
		48141F7123750BC7005893ED /* Products */ = {
			isa = PBXGroup;
			children = (
				48141F7023750BC7005893ED /* KristalHome.app */,
			);
			name = Products;
			sourceTree = "<group>";
		};
		48141F7223750BC7005893ED /* KristalHome */ = {
			isa = PBXGroup;
			children = (
				48141F7323750BC7005893ED /* AppDelegate.swift */,
				48141F7523750BC7005893ED /* SceneDelegate.swift */,
				48141F7723750BC7005893ED /* ViewController.swift */,
				48141F7C23750BC9005893ED /* Assets.xcassets */,
				48141F7E23750BC9005893ED /* LaunchScreen.storyboard */,
				48141F8123750BC9005893ED /* Info.plist */,
				482E24B823750C7600D3897F /* Home.storyboard */,
				48E71E772375207300CF42C3 /* TableViewController.swift */,
				48E71E7C23752DAF00CF42C3 /* NetworkHandler.swift */,
				48E71E7F2375368E00CF42C3 /* Country.swift */,
			);
			path = KristalHome;
			sourceTree = "<group>";
		};
		482E24C023750D7B00D3897F /* Frameworks */ = {
			isa = PBXGroup;
			children = (
				109C5BC86717F6B9A73A8E08 /* Pods_KristalHome.framework */,
			);
			name = Frameworks;
			sourceTree = "<group>";
		};
		4AD19B6134E832D8F964B9E6 /* Pods */ = {
			isa = PBXGroup;
			children = (
				CD804C1ED5108363E1E16D9C /* Pods-KristalHome.debug.xcconfig */,
				5D6274A4A5EC8B8F74A1164D /* Pods-KristalHome.release.xcconfig */,
			);
			path = Pods;
			sourceTree = "<group>";
		};
/* End PBXGroup section */

/* Begin PBXNativeTarget section */
		48141F6F23750BC7005893ED /* KristalHome */ = {
			isa = PBXNativeTarget;
			buildConfigurationList = 48141F8423750BC9005893ED /* Build configuration list for PBXNativeTarget "KristalHome" */;
			buildPhases = (
				038F9AE278FF3C3CD4E0EAA0 /* [CP] Check Pods Manifest.lock */,
				48141F6C23750BC7005893ED /* Sources */,
				48141F6D23750BC7005893ED /* Frameworks */,
				48141F6E23750BC7005893ED /* Resources */,
				C848BF11E8FA62B184465D56 /* [CP] Embed Pods Frameworks */,
			);
			buildRules = (
			);
			dependencies = (
			);
			name = KristalHome;
			productName = KristalHome;
			productReference = 48141F7023750BC7005893ED /* KristalHome.app */;
			productType = "com.apple.product-type.application";
		};
/* End PBXNativeTarget section */

/* Begin PBXProject section */
		48141F6823750BC7005893ED /* Project object */ = {
			isa = PBXProject;
			attributes = {
				LastSwiftUpdateCheck = 1110;
				LastUpgradeCheck = 1110;
				ORGANIZATIONNAME = "Prince Mathew";
				TargetAttributes = {
					48141F6F23750BC7005893ED = {
						CreatedOnToolsVersion = 11.1;
					};
				};
			};
			buildConfigurationList = 48141F6B23750BC7005893ED /* Build configuration list for PBXProject "KristalHome" */;
			compatibilityVersion = "Xcode 9.3";
			developmentRegion = en;
			hasScannedForEncodings = 0;
			knownRegions = (
				en,
				Base,
			);
			mainGroup = 48141F6723750BC7005893ED;
			productRefGroup = 48141F7123750BC7005893ED /* Products */;
			projectDirPath = "";
			projectRoot = "";
			targets = (
				48141F6F23750BC7005893ED /* KristalHome */,
			);
		};
/* End PBXProject section */

/* Begin PBXResourcesBuildPhase section */
		48141F6E23750BC7005893ED /* Resources */ = {
			isa = PBXResourcesBuildPhase;
			buildActionMask = 2147483647;
			files = (
				482E24B923750C7600D3897F /* Home.storyboard in Resources */,
				48141F8023750BC9005893ED /* LaunchScreen.storyboard in Resources */,
				48141F7D23750BC9005893ED /* Assets.xcassets in Resources */,
			);
			runOnlyForDeploymentPostprocessing = 0;
		};
/* End PBXResourcesBuildPhase section */

/* Begin PBXShellScriptBuildPhase section */
		038F9AE278FF3C3CD4E0EAA0 /* [CP] Check Pods Manifest.lock */ = {
			isa = PBXShellScriptBuildPhase;
			buildActionMask = 2147483647;
			files = (
			);
			inputFileListPaths = (
			);
			inputPaths = (
				"${PODS_PODFILE_DIR_PATH}/Podfile.lock",
				"${PODS_ROOT}/Manifest.lock",
			);
			name = "[CP] Check Pods Manifest.lock";
			outputFileListPaths = (
			);
			outputPaths = (
				"$(DERIVED_FILE_DIR)/Pods-KristalHome-checkManifestLockResult.txt",
			);
			runOnlyForDeploymentPostprocessing = 0;
			shellPath = /bin/sh;
			shellScript = "diff \"${PODS_PODFILE_DIR_PATH}/Podfile.lock\" \"${PODS_ROOT}/Manifest.lock\" > /dev/null\nif [ $? != 0 ] ; then\n    # print error to STDERR\n    echo \"error: The sandbox is not in sync with the Podfile.lock. Run 'pod install' or update your CocoaPods installation.\" >&2\n    exit 1\nfi\n# This output is used by Xcode 'outputs' to avoid re-running this script phase.\necho \"SUCCESS\" > \"${SCRIPT_OUTPUT_FILE_0}\"\n";
			showEnvVarsInLog = 0;
		};
		C848BF11E8FA62B184465D56 /* [CP] Embed Pods Frameworks */ = {
			isa = PBXShellScriptBuildPhase;
			buildActionMask = 2147483647;
			files = (
			);
			inputFileListPaths = (
				"${PODS_ROOT}/Target Support Files/Pods-KristalHome/Pods-KristalHome-frameworks-${CONFIGURATION}-input-files.xcfilelist",
			);
			name = "[CP] Embed Pods Frameworks";
			outputFileListPaths = (
				"${PODS_ROOT}/Target Support Files/Pods-KristalHome/Pods-KristalHome-frameworks-${CONFIGURATION}-output-files.xcfilelist",
			);
			runOnlyForDeploymentPostprocessing = 0;
			shellPath = /bin/sh;
			shellScript = "\"${PODS_ROOT}/Target Support Files/Pods-KristalHome/Pods-KristalHome-frameworks.sh\"\n";
			showEnvVarsInLog = 0;
		};
/* End PBXShellScriptBuildPhase section */

/* Begin PBXSourcesBuildPhase section */
		48141F6C23750BC7005893ED /* Sources */ = {
			isa = PBXSourcesBuildPhase;
			buildActionMask = 2147483647;
			files = (
				48141F7823750BC7005893ED /* ViewController.swift in Sources */,
				48141F7423750BC7005893ED /* AppDelegate.swift in Sources */,
				48141F7623750BC7005893ED /* SceneDelegate.swift in Sources */,
				48E71E7D23752DAF00CF42C3 /* NetworkHandler.swift in Sources */,
				48E71E802375368E00CF42C3 /* Country.swift in Sources */,
				48E71E782375207300CF42C3 /* TableViewController.swift in Sources */,
			);
			runOnlyForDeploymentPostprocessing = 0;
		};
/* End PBXSourcesBuildPhase section */

/* Begin PBXVariantGroup section */
		48141F7E23750BC9005893ED /* LaunchScreen.storyboard */ = {
			isa = PBXVariantGroup;
			children = (
				48141F7F23750BC9005893ED /* Base */,
			);
			name = LaunchScreen.storyboard;
			sourceTree = "<group>";
		};
/* End PBXVariantGroup section */

/* Begin XCBuildConfiguration section */
		48141F8223750BC9005893ED /* Debug */ = {
			isa = XCBuildConfiguration;
			buildSettings = {
				ALWAYS_SEARCH_USER_PATHS = NO;
				CLANG_ANALYZER_NONNULL = YES;
				CLANG_ANALYZER_NUMBER_OBJECT_CONVERSION = YES_AGGRESSIVE;
				CLANG_CXX_LANGUAGE_STANDARD = "gnu++14";
				CLANG_CXX_LIBRARY = "libc++";
				CLANG_ENABLE_MODULES = YES;
				CLANG_ENABLE_OBJC_ARC = YES;
				CLANG_ENABLE_OBJC_WEAK = YES;
				CLANG_WARN_BLOCK_CAPTURE_AUTORELEASING = YES;
				CLANG_WARN_BOOL_CONVERSION = YES;
				CLANG_WARN_COMMA = YES;
				CLANG_WARN_CONSTANT_CONVERSION = YES;
				CLANG_WARN_DEPRECATED_OBJC_IMPLEMENTATIONS = YES;
				CLANG_WARN_DIRECT_OBJC_ISA_USAGE = YES_ERROR;
				CLANG_WARN_DOCUMENTATION_COMMENTS = YES;
				CLANG_WARN_EMPTY_BODY = YES;
				CLANG_WARN_ENUM_CONVERSION = YES;
				CLANG_WARN_INFINITE_RECURSION = YES;
				CLANG_WARN_INT_CONVERSION = YES;
				CLANG_WARN_NON_LITERAL_NULL_CONVERSION = YES;
				CLANG_WARN_OBJC_IMPLICIT_RETAIN_SELF = YES;
				CLANG_WARN_OBJC_LITERAL_CONVERSION = YES;
				CLANG_WARN_OBJC_ROOT_CLASS = YES_ERROR;
				CLANG_WARN_RANGE_LOOP_ANALYSIS = YES;
				CLANG_WARN_STRICT_PROTOTYPES = YES;
				CLANG_WARN_SUSPICIOUS_MOVE = YES;
				CLANG_WARN_UNGUARDED_AVAILABILITY = YES_AGGRESSIVE;
				CLANG_WARN_UNREACHABLE_CODE = YES;
				CLANG_WARN__DUPLICATE_METHOD_MATCH = YES;
				COPY_PHASE_STRIP = NO;
				DEBUG_INFORMATION_FORMAT = dwarf;
				ENABLE_STRICT_OBJC_MSGSEND = YES;
				ENABLE_TESTABILITY = YES;
				GCC_C_LANGUAGE_STANDARD = gnu11;
				GCC_DYNAMIC_NO_PIC = NO;
				GCC_NO_COMMON_BLOCKS = YES;
				GCC_OPTIMIZATION_LEVEL = 0;
				GCC_PREPROCESSOR_DEFINITIONS = (
					"DEBUG=1",
					"$(inherited)",
				);
				GCC_WARN_64_TO_32_BIT_CONVERSION = YES;
				GCC_WARN_ABOUT_RETURN_TYPE = YES_ERROR;
				GCC_WARN_UNDECLARED_SELECTOR = YES;
				GCC_WARN_UNINITIALIZED_AUTOS = YES_AGGRESSIVE;
				GCC_WARN_UNUSED_FUNCTION = YES;
				GCC_WARN_UNUSED_VARIABLE = YES;
				IPHONEOS_DEPLOYMENT_TARGET = 13.1;
				MTL_ENABLE_DEBUG_INFO = INCLUDE_SOURCE;
				MTL_FAST_MATH = YES;
				ONLY_ACTIVE_ARCH = YES;
				SDKROOT = iphoneos;
				SWIFT_ACTIVE_COMPILATION_CONDITIONS = DEBUG;
				SWIFT_OPTIMIZATION_LEVEL = "-Onone";
			};
			name = Debug;
		};
		48141F8323750BC9005893ED /* Release */ = {
			isa = XCBuildConfiguration;
			buildSettings = {
				ALWAYS_SEARCH_USER_PATHS = NO;
				CLANG_ANALYZER_NONNULL = YES;
				CLANG_ANALYZER_NUMBER_OBJECT_CONVERSION = YES_AGGRESSIVE;
				CLANG_CXX_LANGUAGE_STANDARD = "gnu++14";
				CLANG_CXX_LIBRARY = "libc++";
				CLANG_ENABLE_MODULES = YES;
				CLANG_ENABLE_OBJC_ARC = YES;
				CLANG_ENABLE_OBJC_WEAK = YES;
				CLANG_WARN_BLOCK_CAPTURE_AUTORELEASING = YES;
				CLANG_WARN_BOOL_CONVERSION = YES;
				CLANG_WARN_COMMA = YES;
				CLANG_WARN_CONSTANT_CONVERSION = YES;
				CLANG_WARN_DEPRECATED_OBJC_IMPLEMENTATIONS = YES;
				CLANG_WARN_DIRECT_OBJC_ISA_USAGE = YES_ERROR;
				CLANG_WARN_DOCUMENTATION_COMMENTS = YES;
				CLANG_WARN_EMPTY_BODY = YES;
				CLANG_WARN_ENUM_CONVERSION = YES;
				CLANG_WARN_INFINITE_RECURSION = YES;
				CLANG_WARN_INT_CONVERSION = YES;
				CLANG_WARN_NON_LITERAL_NULL_CONVERSION = YES;
				CLANG_WARN_OBJC_IMPLICIT_RETAIN_SELF = YES;
				CLANG_WARN_OBJC_LITERAL_CONVERSION = YES;
				CLANG_WARN_OBJC_ROOT_CLASS = YES_ERROR;
				CLANG_WARN_RANGE_LOOP_ANALYSIS = YES;
				CLANG_WARN_STRICT_PROTOTYPES = YES;
				CLANG_WARN_SUSPICIOUS_MOVE = YES;
				CLANG_WARN_UNGUARDED_AVAILABILITY = YES_AGGRESSIVE;
				CLANG_WARN_UNREACHABLE_CODE = YES;
				CLANG_WARN__DUPLICATE_METHOD_MATCH = YES;
				COPY_PHASE_STRIP = NO;
				DEBUG_INFORMATION_FORMAT = "dwarf-with-dsym";
				ENABLE_NS_ASSERTIONS = NO;
				ENABLE_STRICT_OBJC_MSGSEND = YES;
				GCC_C_LANGUAGE_STANDARD = gnu11;
				GCC_NO_COMMON_BLOCKS = YES;
				GCC_WARN_64_TO_32_BIT_CONVERSION = YES;
				GCC_WARN_ABOUT_RETURN_TYPE = YES_ERROR;
				GCC_WARN_UNDECLARED_SELECTOR = YES;
				GCC_WARN_UNINITIALIZED_AUTOS = YES_AGGRESSIVE;
				GCC_WARN_UNUSED_FUNCTION = YES;
				GCC_WARN_UNUSED_VARIABLE = YES;
				IPHONEOS_DEPLOYMENT_TARGET = 13.1;
				MTL_ENABLE_DEBUG_INFO = NO;
				MTL_FAST_MATH = YES;
				SDKROOT = iphoneos;
				SWIFT_COMPILATION_MODE = wholemodule;
				SWIFT_OPTIMIZATION_LEVEL = "-O";
				VALIDATE_PRODUCT = YES;
			};
			name = Release;
		};
		48141F8523750BC9005893ED /* Debug */ = {
			isa = XCBuildConfiguration;
			baseConfigurationReference = CD804C1ED5108363E1E16D9C /* Pods-KristalHome.debug.xcconfig */;
			buildSettings = {
				ASSETCATALOG_COMPILER_APPICON_NAME = AppIcon;
				CODE_SIGN_STYLE = Automatic;
				DEVELOPMENT_TEAM = DPGG67DKZD;
				INFOPLIST_FILE = KristalHome/Info.plist;
				LD_RUNPATH_SEARCH_PATHS = (
					"$(inherited)",
					"@executable_path/Frameworks",
				);
				PRODUCT_BUNDLE_IDENTIFIER = com.mobile.kristal.KristalHome;
				PRODUCT_NAME = "$(TARGET_NAME)";
				SWIFT_VERSION = 5.0;
				TARGETED_DEVICE_FAMILY = "1,2";
			};
			name = Debug;
		};
		48141F8623750BC9005893ED /* Release */ = {
			isa = XCBuildConfiguration;
			baseConfigurationReference = 5D6274A4A5EC8B8F74A1164D /* Pods-KristalHome.release.xcconfig */;
			buildSettings = {
				ASSETCATALOG_COMPILER_APPICON_NAME = AppIcon;
				CODE_SIGN_STYLE = Automatic;
				DEVELOPMENT_TEAM = DPGG67DKZD;
				INFOPLIST_FILE = KristalHome/Info.plist;
				LD_RUNPATH_SEARCH_PATHS = (
					"$(inherited)",
					"@executable_path/Frameworks",
				);
				PRODUCT_BUNDLE_IDENTIFIER = com.mobile.kristal.KristalHome;
				PRODUCT_NAME = "$(TARGET_NAME)";
				SWIFT_VERSION = 5.0;
				TARGETED_DEVICE_FAMILY = "1,2";
			};
			name = Release;
		};
/* End XCBuildConfiguration section */

/* Begin XCConfigurationList section */
		48141F6B23750BC7005893ED /* Build configuration list for PBXProject "KristalHome" */ = {
			isa = XCConfigurationList;
			buildConfigurations = (
				48141F8223750BC9005893ED /* Debug */,
				48141F8323750BC9005893ED /* Release */,
			);
			defaultConfigurationIsVisible = 0;
			defaultConfigurationName = Release;
		};
		48141F8423750BC9005893ED /* Build configuration list for PBXNativeTarget "KristalHome" */ = {
			isa = XCConfigurationList;
			buildConfigurations = (
				48141F8523750BC9005893ED /* Debug */,
				48141F8623750BC9005893ED /* Release */,
			);
			defaultConfigurationIsVisible = 0;
			defaultConfigurationName = Release;
		};
/* End XCConfigurationList section */
	};
	rootObject = 48141F6823750BC7005893ED /* Project object */;
}
